
Microsoft Visual Studio Solution File, Format Version 12.00
# Visual Studio 15
VisualStudioVersion = 15.0.28010.2026
MinimumVisualStudioVersion = 10.0.40219.1
Project("{E24C65DC-7377-472B-9ABA-BC803B73C61A}") = "ab-MultiAttributeSize", "ab-MultiAttributeSize\", "{5A2CCB12-8AEA-4C28-AE39-829834674ACF}"
	ProjectSection(WebsiteProperties) = preProject
		TargetFrameworkMoniker = ".NETFramework,Version%3Dv4.6.1"
		Debug.AspNetCompiler.VirtualPath = "/localhost_9881"
		Debug.AspNetCompiler.PhysicalPath = "ab-MultiAttributeSize\"
		Debug.AspNetCompiler.TargetPath = "PrecompiledWeb\localhost_9881\"
		Debug.AspNetCompiler.Updateable = "true"
		Debug.AspNetCompiler.ForceOverwrite = "true"
		Debug.AspNetCompiler.FixedNames = "false"
		Debug.AspNetCompiler.Debug = "True"
		Release.AspNetCompiler.VirtualPath = "/localhost_9881"
		Release.AspNetCompiler.PhysicalPath = "ab-MultiAttributeSize\"
		Release.AspNetCompiler.TargetPath = "PrecompiledWeb\localhost_9881\"
		Release.AspNetCompiler.Updateable = "true"
		Release.AspNetCompiler.ForceOverwrite = "true"
		Release.AspNetCompiler.FixedNames = "false"
		Release.AspNetCompiler.Debug = "False"
		VWDPort = "9881"
		SlnRelativePath = "ab-MultiAttributeSize\"
		DefaultWebSiteLanguage = "Visual C#"
	EndProjectSection
EndProject
Global
	GlobalSection(SolutionConfigurationPlatforms) = preSolution
		Debug|Any CPU = Debug|Any CPU
	EndGlobalSection
	GlobalSection(ProjectConfigurationPlatforms) = postSolution
		{5A2CCB12-8AEA-4C28-AE39-829834674ACF}.Debug|Any CPU.ActiveCfg = Debug|Any CPU
		{5A2CCB12-8AEA-4C28-AE39-829834674ACF}.Debug|Any CPU.Build.0 = Debug|Any CPU
	EndGlobalSection
	GlobalSection(SolutionProperties) = preSolution
		HideSolutionNode = FALSE
	EndGlobalSection
	GlobalSection(ExtensibilityGlobals) = postSolution
		SolutionGuid = {98C743D9-6F40-4118-BEB8-5999DE351F98}
	EndGlobalSection
EndGlobal
